
Microsoft Visual Studio Solution File, Format Version 12.00
# Visual Studio Version 17
VisualStudioVersion = 17.14.36408.4 d17.14
MinimumVisualStudioVersion = 10.0.40219.1
Project("{FAE04EC0-301F-11D3-BF4B-00C04F79EFBC}") = "HealthSystem_project", "HealthSystem_project\HealthSystem_project.csproj", "{4F4EFD67-FCD3-4851-A620-662D947CCA63}"
EndProject
Global
	GlobalSection(SolutionConfigurationPlatforms) = preSolution
		Debug|Any CPU = Debug|Any CPU
		Release|Any CPU = Release|Any CPU
	EndGlobalSection
	GlobalSection(ProjectConfigurationPlatforms) = postSolution
		{4F4EFD67-FCD3-4851-A620-662D947CCA63}.Debug|Any CPU.ActiveCfg = Debug|Any CPU
		{4F4EFD67-FCD3-4851-A620-662D947CCA63}.Debug|Any CPU.Build.0 = Debug|Any CPU
		{4F4EFD67-FCD3-4851-A620-662D947CCA63}.Release|Any CPU.ActiveCfg = Release|Any CPU
		{4F4EFD67-FCD3-4851-A620-662D947CCA63}.Release|Any CPU.Build.0 = Release|Any CPU
	EndGlobalSection
	GlobalSection(SolutionProperties) = preSolution
		HideSolutionNode = FALSE
	EndGlobalSection
	GlobalSection(ExtensibilityGlobals) = postSolution
		SolutionGuid = {6BA7ED38-4213-419F-B843-62C43B1537F9}
	EndGlobalSection
EndGlobal
